{
  "name": "npm",
  "version": "1.0.0",
  "lockfileVersion": 1,
  "requires": true,
  "dependencies": {
    "deepmerge": {
      "version": "2.2.1",
      "resolved": "https://registry.npmjs.org/deepmerge/-/deepmerge-2.2.1.tgz",
      "integrity": "sha512-R9hc1Xa/NOBi9WRVUWg19rl1UB7Tt4kuPd+thNJgFZoxXsTz7ncaPaeIm+40oSGuP33DfMb4sZt1QIGiJzC4EA=="
    },
    "vue-scroll-table": {
      "version": "0.2.11",
      "resolved": "https://registry.npmjs.org/vue-scroll-table/-/vue-scroll-table-0.2.11.tgz",
      "integrity": "sha512-6wHXxQe0y+RZTs9fwTPLNT9sYoKmumHtIDRKk9n/zU4RHNJFHGDM7COL/zS6Hoh5/oUsKaAf6T/0QorT+5IRjg==",
      "requires": {
        "deepmerge": "2.2.1"
      }
    }
  }
}
